
Microsoft Visual Studio Solution File, Format Version 12.00
# Visual Studio 15
VisualStudioVersion = 15.0.28307.168
MinimumVisualStudioVersion = 10.0.40219.1
Project("{FAE04EC0-301F-11D3-BF4B-00C04F79EFBC}") = "Qapp_rev1_0_1", "Qapp_rev1_0_1\Qapp_rev1_0_1.csproj", "{4AF4FD5B-8195-4713-8C98-E93A4C64339D}"
EndProject
Global
	GlobalSection(SolutionConfigurationPlatforms) = preSolution
		Debug|Any CPU = Debug|Any CPU
		Release|Any CPU = Release|Any CPU
	EndGlobalSection
	GlobalSection(ProjectConfigurationPlatforms) = postSolution
		{4AF4FD5B-8195-4713-8C98-E93A4C64339D}.Debug|Any CPU.ActiveCfg = Debug|Any CPU
		{4AF4FD5B-8195-4713-8C98-E93A4C64339D}.Debug|Any CPU.Build.0 = Debug|Any CPU
		{4AF4FD5B-8195-4713-8C98-E93A4C64339D}.Release|Any CPU.ActiveCfg = Release|Any CPU
		{4AF4FD5B-8195-4713-8C98-E93A4C64339D}.Release|Any CPU.Build.0 = Release|Any CPU
	EndGlobalSection
	GlobalSection(SolutionProperties) = preSolution
		HideSolutionNode = FALSE
	EndGlobalSection
	GlobalSection(ExtensibilityGlobals) = postSolution
		SolutionGuid = {5B258513-56D5-4050-B67D-D04964DDEBE2}
	EndGlobalSection
EndGlobal
